
Microsoft Visual Studio Solution File, Format Version 12.00
# Visual Studio 2012
Project("{FAE04EC0-301F-11D3-BF4B-00C04F79EFBC}") = "MediaLibrary", "MediaLibrary\MediaLibrary.csproj", "{A328DB2B-8C30-4B85-A3AE-59C2D3A8E137}"
EndProject
Project("{FAE04EC0-301F-11D3-BF4B-00C04F79EFBC}") = "MediaLibrary.Tests", "MediaLibrary.Tests\MediaLibrary.Tests.csproj", "{DFD328E5-7B91-4140-B689-E0135D8F2ECB}"
EndProject
Global
	GlobalSection(SolutionConfigurationPlatforms) = preSolution
		Debug|Any CPU = Debug|Any CPU
		Release|Any CPU = Release|Any CPU
	EndGlobalSection
	GlobalSection(ProjectConfigurationPlatforms) = postSolution
		{A328DB2B-8C30-4B85-A3AE-59C2D3A8E137}.Debug|Any CPU.ActiveCfg = Debug|Any CPU
		{A328DB2B-8C30-4B85-A3AE-59C2D3A8E137}.Debug|Any CPU.Build.0 = Debug|Any CPU
		{A328DB2B-8C30-4B85-A3AE-59C2D3A8E137}.Release|Any CPU.ActiveCfg = Release|Any CPU
		{A328DB2B-8C30-4B85-A3AE-59C2D3A8E137}.Release|Any CPU.Build.0 = Release|Any CPU
		{DFD328E5-7B91-4140-B689-E0135D8F2ECB}.Debug|Any CPU.ActiveCfg = Debug|Any CPU
		{DFD328E5-7B91-4140-B689-E0135D8F2ECB}.Debug|Any CPU.Build.0 = Debug|Any CPU
		{DFD328E5-7B91-4140-B689-E0135D8F2ECB}.Release|Any CPU.ActiveCfg = Release|Any CPU
		{DFD328E5-7B91-4140-B689-E0135D8F2ECB}.Release|Any CPU.Build.0 = Release|Any CPU
	EndGlobalSection
	GlobalSection(SolutionProperties) = preSolution
		HideSolutionNode = FALSE
	EndGlobalSection
EndGlobal
